// !$*UTF8*$!
{
	archiveVersion = 1;
	classes = {
	};
	objectVersion = 63;
	objects = {

/* Begin PBXBuildFile section */
		7EBC1DA32E2488AF0090F93B /* Assets.xcassets in Resources */ = {isa = PBXBuildFile; fileRef = 7EBC1D9A2E2488AF0090F93B /* Assets.xcassets */; };
		7EBC1DA52E2488AF0090F93B /* LaunchScreen.storyboard in Resources */ = {isa = PBXBuildFile; fileRef = 7EBC1D9D2E2488AF0090F93B /* LaunchScreen.storyboard */; };
		7EBC1DA62E2488AF0090F93B /* Main.storyboard in Resources */ = {isa = PBXBuildFile; fileRef = 7EBC1D9F2E2488AF0090F93B /* Main.storyboard */; };
		7EBC1DA72E2488AF0090F93B /* AppDelegate.swift in Sources */ = {isa = PBXBuildFile; fileRef = 7EBC1D992E2488AF0090F93B /* AppDelegate.swift */; };
		7EBC1DA82E2488AF0090F93B /* SceneDelegate.swift in Sources */ = {isa = PBXBuildFile; fileRef = 7EBC1DA02E2488AF0090F93B /* SceneDelegate.swift */; };
		7EBC1DA92E2488AF0090F93B /* ViewController.swift in Sources */ = {isa = PBXBuildFile; fileRef = 7EBC1DA12E2488AF0090F93B /* ViewController.swift */; };
		7EBC1DAC2E2488B80090F93B /* StockFortTests.swift in Sources */ = {isa = PBXBuildFile; fileRef = 7EBC1DAA2E2488B80090F93B /* StockFortTests.swift */; };
		7EBC1DB02E2488BB0090F93B /* StockFortUITests.swift in Sources */ = {isa = PBXBuildFile; fileRef = 7EBC1DAD2E2488BB0090F93B /* StockFortUITests.swift */; };
		7EBC1DB12E2488BB0090F93B /* StockFortUITestsLaunchTests.swift in Sources */ = {isa = PBXBuildFile; fileRef = 7EBC1DAE2E2488BB0090F93B /* StockFortUITestsLaunchTests.swift */; };
/* End PBXBuildFile section */

/* Begin PBXContainerItemProxy section */
		7E4739272E24834300341520 /* PBXContainerItemProxy */ = {
			isa = PBXContainerItemProxy;
			containerPortal = 7E4739082E24834200341520 /* Project object */;
			proxyType = 1;
			remoteGlobalIDString = 7E47390F2E24834200341520;
			remoteInfo = StockFort;
		};
		7E4739312E24834300341520 /* PBXContainerItemProxy */ = {
			isa = PBXContainerItemProxy;
			containerPortal = 7E4739082E24834200341520 /* Project object */;
			proxyType = 1;
			remoteGlobalIDString = 7E47390F2E24834200341520;
			remoteInfo = StockFort;
		};
/* End PBXContainerItemProxy section */

/* Begin PBXFileReference section */
		7E4739102E24834200341520 /* StockFort.app */ = {isa = PBXFileReference; explicitFileType = wrapper.application; includeInIndex = 0; path = StockFort.app; sourceTree = BUILT_PRODUCTS_DIR; };
		7E4739262E24834300341520 /* StockFortTests.xctest */ = {isa = PBXFileReference; explicitFileType = wrapper.cfbundle; includeInIndex = 0; path = StockFortTests.xctest; sourceTree = BUILT_PRODUCTS_DIR; };
		7E4739302E24834300341520 /* StockFortUITests.xctest */ = {isa = PBXFileReference; explicitFileType = wrapper.cfbundle; includeInIndex = 0; path = StockFortUITests.xctest; sourceTree = BUILT_PRODUCTS_DIR; };
		7EBC1D992E2488AF0090F93B /* AppDelegate.swift */ = {isa = PBXFileReference; lastKnownFileType = sourcecode.swift; path = AppDelegate.swift; sourceTree = "<group>"; };
		7EBC1D9A2E2488AF0090F93B /* Assets.xcassets */ = {isa = PBXFileReference; lastKnownFileType = folder.assetcatalog; path = Assets.xcassets; sourceTree = "<group>"; };
		7EBC1D9B2E2488AF0090F93B /* Info.plist */ = {isa = PBXFileReference; lastKnownFileType = text.plist.xml; path = Info.plist; sourceTree = "<group>"; };
		7EBC1D9C2E2488AF0090F93B /* Base */ = {isa = PBXFileReference; lastKnownFileType = file.storyboard; name = Base; path = Base.lproj/LaunchScreen.storyboard; sourceTree = "<group>"; };
		7EBC1D9E2E2488AF0090F93B /* Base */ = {isa = PBXFileReference; lastKnownFileType = file.storyboard; name = Base; path = Base.lproj/Main.storyboard; sourceTree = "<group>"; };
		7EBC1DA02E2488AF0090F93B /* SceneDelegate.swift */ = {isa = PBXFileReference; lastKnownFileType = sourcecode.swift; path = SceneDelegate.swift; sourceTree = "<group>"; };
		7EBC1DA12E2488AF0090F93B /* ViewController.swift */ = {isa = PBXFileReference; lastKnownFileType = sourcecode.swift; path = ViewController.swift; sourceTree = "<group>"; };
		7EBC1DAA2E2488B80090F93B /* StockFortTests.swift */ = {isa = PBXFileReference; lastKnownFileType = sourcecode.swift; path = StockFortTests.swift; sourceTree = "<group>"; };
		7EBC1DAD2E2488BB0090F93B /* StockFortUITests.swift */ = {isa = PBXFileReference; lastKnownFileType = sourcecode.swift; path = StockFortUITests.swift; sourceTree = "<group>"; };
		7EBC1DAE2E2488BB0090F93B /* StockFortUITestsLaunchTests.swift */ = {isa = PBXFileReference; lastKnownFileType = sourcecode.swift; path = StockFortUITestsLaunchTests.swift; sourceTree = "<group>"; };
/* End PBXFileReference section */

/* Begin PBXFrameworksBuildPhase section */
		7E47390D2E24834200341520 /* Frameworks */ = {
			isa = PBXFrameworksBuildPhase;
			buildActionMask = 2147483647;
			files = (
			);
			runOnlyForDeploymentPostprocessing = 0;
		};
		7E4739232E24834300341520 /* Frameworks */ = {
			isa = PBXFrameworksBuildPhase;
			buildActionMask = 2147483647;
			files = (
			);
			runOnlyForDeploymentPostprocessing = 0;
		};
		7E47392D2E24834300341520 /* Frameworks */ = {
			isa = PBXFrameworksBuildPhase;
			buildActionMask = 2147483647;
			files = (
			);
			runOnlyForDeploymentPostprocessing = 0;
		};
/* End PBXFrameworksBuildPhase section */

/* Begin PBXGroup section */
		7E4739072E24834200341520 = {
			isa = PBXGroup;
			children = (
				7EBC1DA22E2488AF0090F93B /* StockFort */,
				7EBC1DAB2E2488B80090F93B /* StockFortTests */,
				7EBC1DAF2E2488BB0090F93B /* StockFortUITests */,
				7E4739112E24834200341520 /* Products */,
			);
			sourceTree = "<group>";
		};
		7E4739112E24834200341520 /* Products */ = {
			isa = PBXGroup;
			children = (
				7E4739102E24834200341520 /* StockFort.app */,
				7E4739262E24834300341520 /* StockFortTests.xctest */,
				7E4739302E24834300341520 /* StockFortUITests.xctest */,
			);
			name = Products;
			sourceTree = "<group>";
		};
		7EBC1DA22E2488AF0090F93B /* StockFort */ = {
			isa = PBXGroup;
			children = (
				7EBC1D992E2488AF0090F93B /* AppDelegate.swift */,
				7EBC1D9A2E2488AF0090F93B /* Assets.xcassets */,
				7EBC1D9B2E2488AF0090F93B /* Info.plist */,
				7EBC1D9D2E2488AF0090F93B /* LaunchScreen.storyboard */,
				7EBC1D9F2E2488AF0090F93B /* Main.storyboard */,
				7EBC1DA02E2488AF0090F93B /* SceneDelegate.swift */,
				7EBC1DA12E2488AF0090F93B /* ViewController.swift */,
			);
			path = StockFort;
			sourceTree = "<group>";
		};
		7EBC1DAB2E2488B80090F93B /* StockFortTests */ = {
			isa = PBXGroup;
			children = (
				7EBC1DAA2E2488B80090F93B /* StockFortTests.swift */,
			);
			path = StockFortTests;
			sourceTree = "<group>";
		};
		7EBC1DAF2E2488BB0090F93B /* StockFortUITests */ = {
			isa = PBXGroup;
			children = (
				7EBC1DAD2E2488BB0090F93B /* StockFortUITests.swift */,
				7EBC1DAE2E2488BB0090F93B /* StockFortUITestsLaunchTests.swift */,
			);
			path = StockFortUITests;
			sourceTree = "<group>";
		};
/* End PBXGroup section */

/* Begin PBXNativeTarget section */
		7E47390F2E24834200341520 /* StockFort */ = {
			isa = PBXNativeTarget;
			buildConfigurationList = 7E4739392E24834300341520 /* Build configuration list for PBXNativeTarget "StockFort" */;
			buildPhases = (
				7E47390C2E24834200341520 /* Sources */,
				7E47390D2E24834200341520 /* Frameworks */,
				7E47390E2E24834200341520 /* Resources */,
			);
			buildRules = (
			);
			dependencies = (
			);
			name = StockFort;
			packageProductDependencies = (
			);
			productName = StockFort;
			productReference = 7E4739102E24834200341520 /* StockFort.app */;
			productType = "com.apple.product-type.application";
		};
		7E4739252E24834300341520 /* StockFortTests */ = {
			isa = PBXNativeTarget;
			buildConfigurationList = 7E47393E2E24834300341520 /* Build configuration list for PBXNativeTarget "StockFortTests" */;
			buildPhases = (
				7E4739222E24834300341520 /* Sources */,
				7E4739232E24834300341520 /* Frameworks */,
				7E4739242E24834300341520 /* Resources */,
			);
			buildRules = (
			);
			dependencies = (
				7E4739282E24834300341520 /* PBXTargetDependency */,
			);
			name = StockFortTests;
			packageProductDependencies = (
			);
			productName = StockFortTests;
			productReference = 7E4739262E24834300341520 /* StockFortTests.xctest */;
			productType = "com.apple.product-type.bundle.unit-test";
		};
		7E47392F2E24834300341520 /* StockFortUITests */ = {
			isa = PBXNativeTarget;
			buildConfigurationList = 7E4739412E24834300341520 /* Build configuration list for PBXNativeTarget "StockFortUITests" */;
			buildPhases = (
				7E47392C2E24834300341520 /* Sources */,
				7E47392D2E24834300341520 /* Frameworks */,
				7E47392E2E24834300341520 /* Resources */,
			);
			buildRules = (
			);
			dependencies = (
				7E4739322E24834300341520 /* PBXTargetDependency */,
			);
			name = StockFortUITests;
			packageProductDependencies = (
			);
			productName = StockFortUITests;
			productReference = 7E4739302E24834300341520 /* StockFortUITests.xctest */;
			productType = "com.apple.product-type.bundle.ui-testing";
		};
/* End PBXNativeTarget section */

/* Begin PBXProject section */
		7E4739082E24834200341520 /* Project object */ = {
			isa = PBXProject;
			attributes = {
				BuildIndependentTargetsInParallel = 1;
				LastSwiftUpdateCheck = 1630;
				LastUpgradeCheck = 1630;
				TargetAttributes = {
					7E47390F2E24834200341520 = {
						CreatedOnToolsVersion = 16.3;
					};
					7E4739252E24834300341520 = {
						CreatedOnToolsVersion = 16.3;
						TestTargetID = 7E47390F2E24834200341520;
					};
					7E47392F2E24834300341520 = {
						CreatedOnToolsVersion = 16.3;
						TestTargetID = 7E47390F2E24834200341520;
					};
				};
			};
			buildConfigurationList = 7E47390B2E24834200341520 /* Build configuration list for PBXProject "StockFort" */;
			compatibilityVersion = "Xcode 15.0";
			developmentRegion = en;
			hasScannedForEncodings = 0;
			knownRegions = (
				en,
				Base,
			);
			mainGroup = 7E4739072E24834200341520;
			minimizedProjectReferenceProxies = 1;
			productRefGroup = 7E4739112E24834200341520 /* Products */;
			projectDirPath = "";
			projectRoot = "";
			targets = (
				7E47390F2E24834200341520 /* StockFort */,
				7E4739252E24834300341520 /* StockFortTests */,
				7E47392F2E24834300341520 /* StockFortUITests */,
			);
		};
/* End PBXProject section */

/* Begin PBXResourcesBuildPhase section */
		7E47390E2E24834200341520 /* Resources */ = {
			isa = PBXResourcesBuildPhase;
			buildActionMask = 2147483647;
			files = (
				7EBC1DA32E2488AF0090F93B /* Assets.xcassets in Resources */,
				7EBC1DA52E2488AF0090F93B /* LaunchScreen.storyboard in Resources */,
				7EBC1DA62E2488AF0090F93B /* Main.storyboard in Resources */,
			);
			runOnlyForDeploymentPostprocessing = 0;
		};
		7E4739242E24834300341520 /* Resources */ = {
			isa = PBXResourcesBuildPhase;
			buildActionMask = 2147483647;
			files = (
			);
			runOnlyForDeploymentPostprocessing = 0;
		};
		7E47392E2E24834300341520 /* Resources */ = {
			isa = PBXResourcesBuildPhase;
			buildActionMask = 2147483647;
			files = (
			);
			runOnlyForDeploymentPostprocessing = 0;
		};
/* End PBXResourcesBuildPhase section */

/* Begin PBXSourcesBuildPhase section */
		7E47390C2E24834200341520 /* Sources */ = {
			isa = PBXSourcesBuildPhase;
			buildActionMask = 2147483647;
			files = (
				7EBC1DA72E2488AF0090F93B /* AppDelegate.swift in Sources */,
				7EBC1DA82E2488AF0090F93B /* SceneDelegate.swift in Sources */,
				7EBC1DA92E2488AF0090F93B /* ViewController.swift in Sources */,
			);
			runOnlyForDeploymentPostprocessing = 0;
		};
		7E4739222E24834300341520 /* Sources */ = {
			isa = PBXSourcesBuildPhase;
			buildActionMask = 2147483647;
			files = (
				7EBC1DAC2E2488B80090F93B /* StockFortTests.swift in Sources */,
			);
			runOnlyForDeploymentPostprocessing = 0;
		};
		7E47392C2E24834300341520 /* Sources */ = {
			isa = PBXSourcesBuildPhase;
			buildActionMask = 2147483647;
			files = (
				7EBC1DB02E2488BB0090F93B /* StockFortUITests.swift in Sources */,
				7EBC1DB12E2488BB0090F93B /* StockFortUITestsLaunchTests.swift in Sources */,
			);
			runOnlyForDeploymentPostprocessing = 0;
		};
/* End PBXSourcesBuildPhase section */

/* Begin PBXTargetDependency section */
		7E4739282E24834300341520 /* PBXTargetDependency */ = {
			isa = PBXTargetDependency;
			target = 7E47390F2E24834200341520 /* StockFort */;
			targetProxy = 7E4739272E24834300341520 /* PBXContainerItemProxy */;
		};
		7E4739322E24834300341520 /* PBXTargetDependency */ = {
			isa = PBXTargetDependency;
			target = 7E47390F2E24834200341520 /* StockFort */;
			targetProxy = 7E4739312E24834300341520 /* PBXContainerItemProxy */;
		};
/* End PBXTargetDependency section */

/* Begin PBXVariantGroup section */
		7EBC1D9D2E2488AF0090F93B /* LaunchScreen.storyboard */ = {
			isa = PBXVariantGroup;
			children = (
				7EBC1D9C2E2488AF0090F93B /* Base */,
			);
			name = LaunchScreen.storyboard;
			sourceTree = "<group>";
		};
		7EBC1D9F2E2488AF0090F93B /* Main.storyboard */ = {
			isa = PBXVariantGroup;
			children = (
				7EBC1D9E2E2488AF0090F93B /* Base */,
			);
			name = Main.storyboard;
			sourceTree = "<group>";
		};
/* End PBXVariantGroup section */

/* Begin XCBuildConfiguration section */
		7E47393A2E24834300341520 /* Debug */ = {
			isa = XCBuildConfiguration;
			buildSettings = {
				ASSETCATALOG_COMPILER_APPICON_NAME = AppIcon;
				ASSETCATALOG_COMPILER_GLOBAL_ACCENT_COLOR_NAME = AccentColor;
				CODE_SIGN_STYLE = Automatic;
				CURRENT_PROJECT_VERSION = 1;
				DEVELOPMENT_TEAM = 3F8C4P2T95;
				GENERATE_INFOPLIST_FILE = YES;
				INFOPLIST_FILE = StockFort/Info.plist;
				INFOPLIST_KEY_UIApplicationSupportsIndirectInputEvents = YES;
				INFOPLIST_KEY_UILaunchStoryboardName = LaunchScreen;
				INFOPLIST_KEY_UIMainStoryboardFile = Main;
				INFOPLIST_KEY_UISupportedInterfaceOrientations_iPad = "UIInterfaceOrientationPortrait UIInterfaceOrientationPortraitUpsideDown UIInterfaceOrientationLandscapeLeft UIInterfaceOrientationLandscapeRight";
				INFOPLIST_KEY_UISupportedInterfaceOrientations_iPhone = "UIInterfaceOrientationPortrait UIInterfaceOrientationLandscapeLeft UIInterfaceOrientationLandscapeRight";
				IPHONEOS_DEPLOYMENT_TARGET = 15.6;
				LD_RUNPATH_SEARCH_PATHS = (
					"$(inherited)",
					"@executable_path/Frameworks",
				);
				MARKETING_VERSION = 1.0;
				PRODUCT_BUNDLE_IDENTIFIER = com.StockFort;
				PRODUCT_NAME = "$(TARGET_NAME)";
				SUPPORTED_PLATFORMS = "iphoneos iphonesimulator";
				SUPPORTS_MACCATALYST = NO;
				SUPPORTS_MAC_DESIGNED_FOR_IPHONE_IPAD = NO;
				SUPPORTS_XR_DESIGNED_FOR_IPHONE_IPAD = NO;
				SWIFT_EMIT_LOC_STRINGS = YES;
				SWIFT_VERSION = 5.0;
				TARGETED_DEVICE_FAMILY = 1;
			};
			name = Debug;
		};
		7E47393B2E24834300341520 /* Release */ = {
			isa = XCBuildConfiguration;
			buildSettings = {
				ASSETCATALOG_COMPILER_APPICON_NAME = AppIcon;
				ASSETCATALOG_COMPILER_GLOBAL_ACCENT_COLOR_NAME = AccentColor;
				CODE_SIGN_STYLE = Automatic;
				CURRENT_PROJECT_VERSION = 1;
				DEVELOPMENT_TEAM = 3F8C4P2T95;
				GENERATE_INFOPLIST_FILE = YES;
				INFOPLIST_FILE = StockFort/Info.plist;
				INFOPLIST_KEY_UIApplicationSupportsIndirectInputEvents = YES;
				INFOPLIST_KEY_UILaunchStoryboardName = LaunchScreen;
				INFOPLIST_KEY_UIMainStoryboardFile = Main;
				INFOPLIST_KEY_UISupportedInterfaceOrientations_iPad = "UIInterfaceOrientationPortrait UIInterfaceOrientationPortraitUpsideDown UIInterfaceOrientationLandscapeLeft UIInterfaceOrientationLandscapeRight";
				INFOPLIST_KEY_UISupportedInterfaceOrientations_iPhone = "UIInterfaceOrientationPortrait UIInterfaceOrientationLandscapeLeft UIInterfaceOrientationLandscapeRight";
				IPHONEOS_DEPLOYMENT_TARGET = 15.6;
				LD_RUNPATH_SEARCH_PATHS = (
					"$(inherited)",
					"@executable_path/Frameworks",
				);
				MARKETING_VERSION = 1.0;
				PRODUCT_BUNDLE_IDENTIFIER = com.StockFort;
				PRODUCT_NAME = "$(TARGET_NAME)";
				SUPPORTED_PLATFORMS = "iphoneos iphonesimulator";
				SUPPORTS_MACCATALYST = NO;
				SUPPORTS_MAC_DESIGNED_FOR_IPHONE_IPAD = NO;
				SUPPORTS_XR_DESIGNED_FOR_IPHONE_IPAD = NO;
				SWIFT_EMIT_LOC_STRINGS = YES;
				SWIFT_VERSION = 5.0;
				TARGETED_DEVICE_FAMILY = 1;
			};
			name = Release;
		};
		7E47393C2E24834300341520 /* Debug */ = {
			isa = XCBuildConfiguration;
			buildSettings = {
				ALWAYS_SEARCH_USER_PATHS = NO;
				ASSETCATALOG_COMPILER_GENERATE_SWIFT_ASSET_SYMBOL_EXTENSIONS = YES;
				CLANG_ANALYZER_NONNULL = YES;
				CLANG_ANALYZER_NUMBER_OBJECT_CONVERSION = YES_AGGRESSIVE;
				CLANG_CXX_LANGUAGE_STANDARD = "gnu++20";
				CLANG_ENABLE_MODULES = YES;
				CLANG_ENABLE_OBJC_ARC = YES;
				CLANG_ENABLE_OBJC_WEAK = YES;
				CLANG_WARN_BLOCK_CAPTURE_AUTORELEASING = YES;
				CLANG_WARN_BOOL_CONVERSION = YES;
				CLANG_WARN_COMMA = YES;
				CLANG_WARN_CONSTANT_CONVERSION = YES;
				CLANG_WARN_DEPRECATED_OBJC_IMPLEMENTATIONS = YES;
				CLANG_WARN_DIRECT_OBJC_ISA_USAGE = YES_ERROR;
				CLANG_WARN_DOCUMENTATION_COMMENTS = YES;
				CLANG_WARN_EMPTY_BODY = YES;
				CLANG_WARN_ENUM_CONVERSION = YES;
				CLANG_WARN_INFINITE_RECURSION = YES;
				CLANG_WARN_INT_CONVERSION = YES;
				CLANG_WARN_NON_LITERAL_NULL_CONVERSION = YES;
				CLANG_WARN_OBJC_IMPLICIT_RETAIN_SELF = YES;
				CLANG_WARN_OBJC_LITERAL_CONVERSION = YES;
				CLANG_WARN_OBJC_ROOT_CLASS = YES_ERROR;
				CLANG_WARN_QUOTED_INCLUDE_IN_FRAMEWORK_HEADER = YES;
				CLANG_WARN_RANGE_LOOP_ANALYSIS = YES;
				CLANG_WARN_STRICT_PROTOTYPES = YES;
				CLANG_WARN_SUSPICIOUS_MOVE = YES;
				CLANG_WARN_UNGUARDED_AVAILABILITY = YES_AGGRESSIVE;
				CLANG_WARN_UNREACHABLE_CODE = YES;
				CLANG_WARN__DUPLICATE_METHOD_MATCH = YES;
				COPY_PHASE_STRIP = NO;
				DEBUG_INFORMATION_FORMAT = dwarf;
				DEVELOPMENT_TEAM = 3F8C4P2T95;
				ENABLE_STRICT_OBJC_MSGSEND = YES;
				ENABLE_TESTABILITY = YES;
				ENABLE_USER_SCRIPT_SANDBOXING = YES;
				GCC_C_LANGUAGE_STANDARD = gnu17;
				GCC_DYNAMIC_NO_PIC = NO;
				GCC_NO_COMMON_BLOCKS = YES;
				GCC_OPTIMIZATION_LEVEL = 0;
				GCC_PREPROCESSOR_DEFINITIONS = (
					"DEBUG=1",
					"$(inherited)",
				);
				GCC_WARN_64_TO_32_BIT_CONVERSION = YES;
				GCC_WARN_ABOUT_RETURN_TYPE = YES_ERROR;
				GCC_WARN_UNDECLARED_SELECTOR = YES;
				GCC_WARN_UNINITIALIZED_AUTOS = YES_AGGRESSIVE;
				GCC_WARN_UNUSED_FUNCTION = YES;
				GCC_WARN_UNUSED_VARIABLE = YES;
				IPHONEOS_DEPLOYMENT_TARGET = 18.4;
				LOCALIZATION_PREFERS_STRING_CATALOGS = YES;
				MTL_ENABLE_DEBUG_INFO = INCLUDE_SOURCE;
				MTL_FAST_MATH = YES;
				ONLY_ACTIVE_ARCH = YES;
				SDKROOT = iphoneos;
				SWIFT_ACTIVE_COMPILATION_CONDITIONS = "DEBUG $(inherited)";
				SWIFT_OPTIMIZATION_LEVEL = "-Onone";
			};
			name = Debug;
		};
		7E47393D2E24834300341520 /* Release */ = {
			isa = XCBuildConfiguration;
			buildSettings = {
				ALWAYS_SEARCH_USER_PATHS = NO;
				ASSETCATALOG_COMPILER_GENERATE_SWIFT_ASSET_SYMBOL_EXTENSIONS = YES;
				CLANG_ANALYZER_NONNULL = YES;
				CLANG_ANALYZER_NUMBER_OBJECT_CONVERSION = YES_AGGRESSIVE;
				CLANG_CXX_LANGUAGE_STANDARD = "gnu++20";
				CLANG_ENABLE_MODULES = YES;
				CLANG_ENABLE_OBJC_ARC = YES;
				CLANG_ENABLE_OBJC_WEAK = YES;
				CLANG_WARN_BLOCK_CAPTURE_AUTORELEASING = YES;
				CLANG_WARN_BOOL_CONVERSION = YES;
				CLANG_WARN_COMMA = YES;
				CLANG_WARN_CONSTANT_CONVERSION = YES;
				CLANG_WARN_DEPRECATED_OBJC_IMPLEMENTATIONS = YES;
				CLANG_WARN_DIRECT_OBJC_ISA_USAGE = YES_ERROR;
				CLANG_WARN_DOCUMENTATION_COMMENTS = YES;
				CLANG_WARN_EMPTY_BODY = YES;
				CLANG_WARN_ENUM_CONVERSION = YES;
				CLANG_WARN_INFINITE_RECURSION = YES;
				CLANG_WARN_INT_CONVERSION = YES;
				CLANG_WARN_NON_LITERAL_NULL_CONVERSION = YES;
				CLANG_WARN_OBJC_IMPLICIT_RETAIN_SELF = YES;
				CLANG_WARN_OBJC_LITERAL_CONVERSION = YES;
				CLANG_WARN_OBJC_ROOT_CLASS = YES_ERROR;
				CLANG_WARN_QUOTED_INCLUDE_IN_FRAMEWORK_HEADER = YES;
				CLANG_WARN_RANGE_LOOP_ANALYSIS = YES;
				CLANG_WARN_STRICT_PROTOTYPES = YES;
				CLANG_WARN_SUSPICIOUS_MOVE = YES;
				CLANG_WARN_UNGUARDED_AVAILABILITY = YES_AGGRESSIVE;
				CLANG_WARN_UNREACHABLE_CODE = YES;
				CLANG_WARN__DUPLICATE_METHOD_MATCH = YES;
				COPY_PHASE_STRIP = NO;
				DEBUG_INFORMATION_FORMAT = "dwarf-with-dsym";
				DEVELOPMENT_TEAM = 3F8C4P2T95;
				ENABLE_NS_ASSERTIONS = NO;
				ENABLE_STRICT_OBJC_MSGSEND = YES;
				ENABLE_USER_SCRIPT_SANDBOXING = YES;
				GCC_C_LANGUAGE_STANDARD = gnu17;
				GCC_NO_COMMON_BLOCKS = YES;
				GCC_WARN_64_TO_32_BIT_CONVERSION = YES;
				GCC_WARN_ABOUT_RETURN_TYPE = YES_ERROR;
				GCC_WARN_UNDECLARED_SELECTOR = YES;
				GCC_WARN_UNINITIALIZED_AUTOS = YES_AGGRESSIVE;
				GCC_WARN_UNUSED_FUNCTION = YES;
				GCC_WARN_UNUSED_VARIABLE = YES;
				IPHONEOS_DEPLOYMENT_TARGET = 18.4;
				LOCALIZATION_PREFERS_STRING_CATALOGS = YES;
				MTL_ENABLE_DEBUG_INFO = NO;
				MTL_FAST_MATH = YES;
				SDKROOT = iphoneos;
				SWIFT_COMPILATION_MODE = wholemodule;
				VALIDATE_PRODUCT = YES;
			};
			name = Release;
		};
		7E47393F2E24834300341520 /* Debug */ = {
			isa = XCBuildConfiguration;
			buildSettings = {
				BUNDLE_LOADER = "$(TEST_HOST)";
				CODE_SIGN_STYLE = Automatic;
				CURRENT_PROJECT_VERSION = 1;
				DEVELOPMENT_TEAM = 3F8C4P2T95;
				GENERATE_INFOPLIST_FILE = YES;
				IPHONEOS_DEPLOYMENT_TARGET = 15.6;
				MARKETING_VERSION = 1.0;
				PRODUCT_BUNDLE_IDENTIFIER = com.StockFortTests;
				PRODUCT_NAME = "$(TARGET_NAME)";
				SUPPORTED_PLATFORMS = "iphoneos iphonesimulator";
				SUPPORTS_MACCATALYST = NO;
				SUPPORTS_MAC_DESIGNED_FOR_IPHONE_IPAD = NO;
				SUPPORTS_XR_DESIGNED_FOR_IPHONE_IPAD = NO;
				SWIFT_EMIT_LOC_STRINGS = NO;
				SWIFT_VERSION = 5.0;
				TARGETED_DEVICE_FAMILY = 1;
				TEST_HOST = "$(BUILT_PRODUCTS_DIR)/StockFort.app/$(BUNDLE_EXECUTABLE_FOLDER_PATH)/StockFort";
			};
			name = Debug;
		};
		7E4739402E24834300341520 /* Release */ = {
			isa = XCBuildConfiguration;
			buildSettings = {
				BUNDLE_LOADER = "$(TEST_HOST)";
				CODE_SIGN_STYLE = Automatic;
				CURRENT_PROJECT_VERSION = 1;
				DEVELOPMENT_TEAM = 3F8C4P2T95;
				GENERATE_INFOPLIST_FILE = YES;
				IPHONEOS_DEPLOYMENT_TARGET = 15.6;
				MARKETING_VERSION = 1.0;
				PRODUCT_BUNDLE_IDENTIFIER = com.StockFortTests;
				PRODUCT_NAME = "$(TARGET_NAME)";
				SUPPORTED_PLATFORMS = "iphoneos iphonesimulator";
				SUPPORTS_MACCATALYST = NO;
				SUPPORTS_MAC_DESIGNED_FOR_IPHONE_IPAD = NO;
				SUPPORTS_XR_DESIGNED_FOR_IPHONE_IPAD = NO;
				SWIFT_EMIT_LOC_STRINGS = NO;
				SWIFT_VERSION = 5.0;
				TARGETED_DEVICE_FAMILY = 1;
				TEST_HOST = "$(BUILT_PRODUCTS_DIR)/StockFort.app/$(BUNDLE_EXECUTABLE_FOLDER_PATH)/StockFort";
			};
			name = Release;
		};
		7E4739422E24834300341520 /* Debug */ = {
			isa = XCBuildConfiguration;
			buildSettings = {
				CODE_SIGN_STYLE = Automatic;
				CURRENT_PROJECT_VERSION = 1;
				DEVELOPMENT_TEAM = 3F8C4P2T95;
				GENERATE_INFOPLIST_FILE = YES;
				IPHONEOS_DEPLOYMENT_TARGET = 15.6;
				MARKETING_VERSION = 1.0;
				PRODUCT_BUNDLE_IDENTIFIER = com.StockFortUITests;
				PRODUCT_NAME = "$(TARGET_NAME)";
				SUPPORTED_PLATFORMS = "iphoneos iphonesimulator";
				SUPPORTS_MACCATALYST = NO;
				SUPPORTS_MAC_DESIGNED_FOR_IPHONE_IPAD = NO;
				SUPPORTS_XR_DESIGNED_FOR_IPHONE_IPAD = NO;
				SWIFT_EMIT_LOC_STRINGS = NO;
				SWIFT_VERSION = 5.0;
				TARGETED_DEVICE_FAMILY = 1;
				TEST_TARGET_NAME = StockFort;
			};
			name = Debug;
		};
		7E4739432E24834300341520 /* Release */ = {
			isa = XCBuildConfiguration;
			buildSettings = {
				CODE_SIGN_STYLE = Automatic;
				CURRENT_PROJECT_VERSION = 1;
				DEVELOPMENT_TEAM = 3F8C4P2T95;
				GENERATE_INFOPLIST_FILE = YES;
				IPHONEOS_DEPLOYMENT_TARGET = 15.6;
				MARKETING_VERSION = 1.0;
				PRODUCT_BUNDLE_IDENTIFIER = com.StockFortUITests;
				PRODUCT_NAME = "$(TARGET_NAME)";
				SUPPORTED_PLATFORMS = "iphoneos iphonesimulator";
				SUPPORTS_MACCATALYST = NO;
				SUPPORTS_MAC_DESIGNED_FOR_IPHONE_IPAD = NO;
				SUPPORTS_XR_DESIGNED_FOR_IPHONE_IPAD = NO;
				SWIFT_EMIT_LOC_STRINGS = NO;
				SWIFT_VERSION = 5.0;
				TARGETED_DEVICE_FAMILY = 1;
				TEST_TARGET_NAME = StockFort;
			};
			name = Release;
		};
/* End XCBuildConfiguration section */

/* Begin XCConfigurationList section */
		7E47390B2E24834200341520 /* Build configuration list for PBXProject "StockFort" */ = {
			isa = XCConfigurationList;
			buildConfigurations = (
				7E47393C2E24834300341520 /* Debug */,
				7E47393D2E24834300341520 /* Release */,
			);
			defaultConfigurationIsVisible = 0;
			defaultConfigurationName = Release;
		};
		7E4739392E24834300341520 /* Build configuration list for PBXNativeTarget "StockFort" */ = {
			isa = XCConfigurationList;
			buildConfigurations = (
				7E47393A2E24834300341520 /* Debug */,
				7E47393B2E24834300341520 /* Release */,
			);
			defaultConfigurationIsVisible = 0;
			defaultConfigurationName = Release;
		};
		7E47393E2E24834300341520 /* Build configuration list for PBXNativeTarget "StockFortTests" */ = {
			isa = XCConfigurationList;
			buildConfigurations = (
				7E47393F2E24834300341520 /* Debug */,
				7E4739402E24834300341520 /* Release */,
			);
			defaultConfigurationIsVisible = 0;
			defaultConfigurationName = Release;
		};
		7E4739412E24834300341520 /* Build configuration list for PBXNativeTarget "StockFortUITests" */ = {
			isa = XCConfigurationList;
			buildConfigurations = (
				7E4739422E24834300341520 /* Debug */,
				7E4739432E24834300341520 /* Release */,
			);
			defaultConfigurationIsVisible = 0;
			defaultConfigurationName = Release;
		};
/* End XCConfigurationList section */
	};
	rootObject = 7E4739082E24834200341520 /* Project object */;
}
